{
    "version": 3,
    "terraform_version": "0.11.10",
    "serial": 6,
    "lineage": "840b4062-ea7e-3eaa-b97d-04b738eec16d",
    "modules": [
        {
            "path": [
                "root"
            ],
            "outputs": {},
            "resources": {
                "aws_route_table.bar": {
                    "type": "aws_route_table",
                    "depends_on": [
                        "aws_vpc.main"
                    ],
                    "primary": {
                        "id": "rtb-0df4d94e7ca993826",
                        "attributes": {
                            "id": "rtb-0df4d94e7ca993826",
                            "propagating_vgws.#": "0",
                            "route.#": "0",
                            "tags.%": "1",
                            "tags.Name": "route_table",
                            "vpc_id": "vpc-0165bdc375497a5a3"
                        },
                        "meta": {},
                        "tainted": false
                    },
                    "deposed": [],
                    "provider": "provider.aws"
                },
                "aws_route_table_association.a": {
                    "type": "aws_route_table_association",
                    "depends_on": [
                        "aws_route_table.bar",
                        "aws_subnet.subnet1"
                    ],
                    "primary": {
                        "id": "rtbassoc-075fec87ce19335d0",
                        "attributes": {
                            "id": "rtbassoc-075fec87ce19335d0",
                            "route_table_id": "rtb-0df4d94e7ca993826",
                            "subnet_id": "subnet-0befb6f7699caccee"
                        },
                        "meta": {},
                        "tainted": false
                    },
                    "deposed": [],
                    "provider": "provider.aws"
                },
                "aws_route_table_association.b": {
                    "type": "aws_route_table_association",
                    "depends_on": [
                        "aws_route_table.bar",
                        "aws_subnet.subnet2"
                    ],
                    "primary": {
                        "id": "rtbassoc-0a6f5337b6341127d",
                        "attributes": {
                            "id": "rtbassoc-0a6f5337b6341127d",
                            "route_table_id": "rtb-0df4d94e7ca993826",
                            "subnet_id": "subnet-0740aa3b6d8738d6a"
                        },
                        "meta": {},
                        "tainted": false
                    },
                    "deposed": [],
                    "provider": "provider.aws"
                },
                "aws_route_table_association.c": {
                    "type": "aws_route_table_association",
                    "depends_on": [
                        "aws_route_table.bar",
                        "aws_subnet.subnet3"
                    ],
                    "primary": {
                        "id": "rtbassoc-05dcfba847beee875",
                        "attributes": {
                            "id": "rtbassoc-05dcfba847beee875",
                            "route_table_id": "rtb-0df4d94e7ca993826",
                            "subnet_id": "subnet-0ebab32ca2361f6a7"
                        },
                        "meta": {},
                        "tainted": false
                    },
                    "deposed": [],
                    "provider": "provider.aws"
                },
                "aws_security_group.security_group1": {
                    "type": "aws_security_group",
                    "depends_on": [
                        "aws_vpc.main"
                    ],
                    "primary": {
                        "id": "sg-02f3927a0b4510ea0",
                        "attributes": {
                            "description": "Allow access via port 80",
                            "egress.#": "0",
                            "id": "sg-02f3927a0b4510ea0",
                            "ingress.#": "1",
                            "ingress.2197420956.cidr_blocks.#": "1",
                            "ingress.2197420956.cidr_blocks.0": "0.0.0.0/0",
                            "ingress.2197420956.description": "",
                            "ingress.2197420956.from_port": "80",
                            "ingress.2197420956.ipv6_cidr_blocks.#": "0",
                            "ingress.2197420956.prefix_list_ids.#": "0",
                            "ingress.2197420956.protocol": "http",
                            "ingress.2197420956.security_groups.#": "0",
                            "ingress.2197420956.self": "false",
                            "ingress.2197420956.to_port": "80",
                            "name": "security_group1",
                            "revoke_rules_on_delete": "false",
                            "tags.%": "1",
                            "tags.Name": "allow access via port 80",
                            "vpc_id": "vpc-0165bdc375497a5a3"
                        },
                        "meta": {
                            "e2bfb730-ecaa-11e6-8f88-34363bc7c4c0": {
                                "create": 600000000000,
                                "delete": 600000000000
                            },
                            "schema_version": "1"
                        },
                        "tainted": false
                    },
                    "deposed": [],
                    "provider": "provider.aws"
                },
                "aws_security_group.security_group2": {
                    "type": "aws_security_group",
                    "depends_on": [
                        "aws_vpc.main"
                    ],
                    "primary": {
                        "id": "sg-0ea9f1b22a0f36436",
                        "attributes": {
                            "arn": "arn:aws:ec2:eu-west-3:301930521776:security-group/sg-0ea9f1b22a0f36436",
                            "description": "Allow acces to db ",
                            "egress.#": "1",
                            "egress.1163740523.cidr_blocks.#": "1",
                            "egress.1163740523.cidr_blocks.0": "0.0.0.0/0",
                            "egress.1163740523.description": "",
                            "egress.1163740523.from_port": "3306",
                            "egress.1163740523.ipv6_cidr_blocks.#": "0",
                            "egress.1163740523.prefix_list_ids.#": "0",
                            "egress.1163740523.protocol": "tcp",
                            "egress.1163740523.security_groups.#": "0",
                            "egress.1163740523.self": "false",
                            "egress.1163740523.to_port": "3306",
                            "id": "sg-0ea9f1b22a0f36436",
                            "ingress.#": "0",
                            "name": "security_group2",
                            "owner_id": "301930521776",
                            "revoke_rules_on_delete": "false",
                            "tags.%": "1",
                            "tags.Name": "allow access to db",
                            "vpc_id": "vpc-0165bdc375497a5a3"
                        },
                        "meta": {
                            "e2bfb730-ecaa-11e6-8f88-34363bc7c4c0": {
                                "create": 600000000000,
                                "delete": 600000000000
                            },
                            "schema_version": "1"
                        },
                        "tainted": false
                    },
                    "deposed": [],
                    "provider": "provider.aws"
                },
                "aws_subnet.subnet1": {
                    "type": "aws_subnet",
                    "depends_on": [
                        "aws_vpc.main"
                    ],
                    "primary": {
                        "id": "subnet-0befb6f7699caccee",
                        "attributes": {
                            "arn": "arn:aws:ec2:eu-west-3:301930521776:subnet/subnet-0befb6f7699caccee",
                            "assign_ipv6_address_on_creation": "false",
                            "availability_zone": "eu-west-3a",
                            "cidr_block": "10.0.1.0/24",
                            "id": "subnet-0befb6f7699caccee",
                            "map_public_ip_on_launch": "false",
                            "tags.%": "1",
                            "tags.Name": "subnet1",
                            "vpc_id": "vpc-0165bdc375497a5a3"
                        },
                        "meta": {
                            "e2bfb730-ecaa-11e6-8f88-34363bc7c4c0": {
                                "create": 600000000000,
                                "delete": 600000000000
                            },
                            "schema_version": "1"
                        },
                        "tainted": false
                    },
                    "deposed": [],
                    "provider": "provider.aws"
                },
                "aws_subnet.subnet2": {
                    "type": "aws_subnet",
                    "depends_on": [
                        "aws_vpc.main"
                    ],
                    "primary": {
                        "id": "subnet-0740aa3b6d8738d6a",
                        "attributes": {
                            "arn": "arn:aws:ec2:eu-west-3:301930521776:subnet/subnet-0740aa3b6d8738d6a",
                            "assign_ipv6_address_on_creation": "false",
                            "availability_zone": "eu-west-3b",
                            "cidr_block": "10.0.2.0/24",
                            "id": "subnet-0740aa3b6d8738d6a",
                            "map_public_ip_on_launch": "false",
                            "tags.%": "1",
                            "tags.Name": "subnet2",
                            "vpc_id": "vpc-0165bdc375497a5a3"
                        },
                        "meta": {
                            "e2bfb730-ecaa-11e6-8f88-34363bc7c4c0": {
                                "create": 600000000000,
                                "delete": 600000000000
                            },
                            "schema_version": "1"
                        },
                        "tainted": false
                    },
                    "deposed": [],
                    "provider": "provider.aws"
                },
                "aws_subnet.subnet3": {
                    "type": "aws_subnet",
                    "depends_on": [
                        "aws_vpc.main"
                    ],
                    "primary": {
                        "id": "subnet-0ebab32ca2361f6a7",
                        "attributes": {
                            "arn": "arn:aws:ec2:eu-west-3:301930521776:subnet/subnet-0ebab32ca2361f6a7",
                            "assign_ipv6_address_on_creation": "false",
                            "availability_zone": "eu-west-3c",
                            "cidr_block": "10.0.3.0/24",
                            "id": "subnet-0ebab32ca2361f6a7",
                            "map_public_ip_on_launch": "false",
                            "tags.%": "1",
                            "tags.Name": "subnet2",
                            "vpc_id": "vpc-0165bdc375497a5a3"
                        },
                        "meta": {
                            "e2bfb730-ecaa-11e6-8f88-34363bc7c4c0": {
                                "create": 600000000000,
                                "delete": 600000000000
                            },
                            "schema_version": "1"
                        },
                        "tainted": false
                    },
                    "deposed": [],
                    "provider": "provider.aws"
                },
                "aws_vpc.main": {
                    "type": "aws_vpc",
                    "depends_on": [],
                    "primary": {
                        "id": "vpc-0165bdc375497a5a3",
                        "attributes": {
                            "arn": "arn:aws:ec2:eu-west-3:301930521776:vpc/vpc-0165bdc375497a5a3",
                            "assign_generated_ipv6_cidr_block": "false",
                            "cidr_block": "10.0.0.0/16",
                            "default_network_acl_id": "acl-0feabe6b8ef32e460",
                            "default_route_table_id": "rtb-0da117474906f0e47",
                            "default_security_group_id": "sg-08cd20c0a8a0b5c31",
                            "dhcp_options_id": "dopt-0d547064",
                            "enable_dns_hostnames": "false",
                            "enable_dns_support": "true",
                            "id": "vpc-0165bdc375497a5a3",
                            "instance_tenancy": "default",
                            "ipv6_association_id": "",
                            "ipv6_cidr_block": "",
                            "main_route_table_id": "rtb-0da117474906f0e47",
                            "tags.%": "0"
                        },
                        "meta": {
                            "schema_version": "1"
                        },
                        "tainted": false
                    },
                    "deposed": [],
                    "provider": "provider.aws"
                }
            },
            "depends_on": []
        }
    ]
}
